
Microsoft Visual Studio Solution File, Format Version 12.00
# Visual Studio Version 17
VisualStudioVersion = 17.8.34408.163
MinimumVisualStudioVersion = 10.0.40219.1
Project("{FAE04EC0-301F-11D3-BF4B-00C04F79EFBC}") = "LMS", "LMS\LMS.csproj", "{F93F9E3E-BCB1-4DFA-9F2A-FBF668E9CE04}"
EndProject
Global
	GlobalSection(SolutionConfigurationPlatforms) = preSolution
		Debug|Any CPU = Debug|Any CPU
		Release|Any CPU = Release|Any CPU
	EndGlobalSection
	GlobalSection(ProjectConfigurationPlatforms) = postSolution
		{F93F9E3E-BCB1-4DFA-9F2A-FBF668E9CE04}.Debug|Any CPU.ActiveCfg = Debug|Any CPU
		{F93F9E3E-BCB1-4DFA-9F2A-FBF668E9CE04}.Debug|Any CPU.Build.0 = Debug|Any CPU
		{F93F9E3E-BCB1-4DFA-9F2A-FBF668E9CE04}.Release|Any CPU.ActiveCfg = Release|Any CPU
		{F93F9E3E-BCB1-4DFA-9F2A-FBF668E9CE04}.Release|Any CPU.Build.0 = Release|Any CPU
	EndGlobalSection
	GlobalSection(SolutionProperties) = preSolution
		HideSolutionNode = FALSE
	EndGlobalSection
	GlobalSection(ExtensibilityGlobals) = postSolution
		SolutionGuid = {FE02A36A-5EC1-4642-8F00-A4BF1FE70E0B}
	EndGlobalSection
EndGlobal
