
Microsoft Visual Studio Solution File, Format Version 12.00
# Visual Studio Version 17
VisualStudioVersion = 17.8.34408.163
MinimumVisualStudioVersion = 10.0.40219.1
Project("{FAE04EC0-301F-11D3-BF4B-00C04F79EFBC}") = "PD_Game", "PD_Game\PD_Game.csproj", "{4A55DAB4-0625-4A29-926B-8FD4456B2597}"
EndProject
Global
	GlobalSection(SolutionConfigurationPlatforms) = preSolution
		Debug|Any CPU = Debug|Any CPU
		Release|Any CPU = Release|Any CPU
	EndGlobalSection
	GlobalSection(ProjectConfigurationPlatforms) = postSolution
		{4A55DAB4-0625-4A29-926B-8FD4456B2597}.Debug|Any CPU.ActiveCfg = Debug|Any CPU
		{4A55DAB4-0625-4A29-926B-8FD4456B2597}.Debug|Any CPU.Build.0 = Debug|Any CPU
		{4A55DAB4-0625-4A29-926B-8FD4456B2597}.Release|Any CPU.ActiveCfg = Release|Any CPU
		{4A55DAB4-0625-4A29-926B-8FD4456B2597}.Release|Any CPU.Build.0 = Release|Any CPU
	EndGlobalSection
	GlobalSection(SolutionProperties) = preSolution
		HideSolutionNode = FALSE
	EndGlobalSection
	GlobalSection(ExtensibilityGlobals) = postSolution
		SolutionGuid = {DBC22304-7B37-4D14-94C3-E99FAD35FB1D}
	EndGlobalSection
EndGlobal
